
Microsoft Visual Studio Solution File, Format Version 12.00
# Visual Studio Version 17
VisualStudioVersion = 17.1.32319.34
MinimumVisualStudioVersion = 10.0.40219.1
Project("{2150E333-8FDC-42A3-9474-1A3956D46DE8}") = "Microservices", "Microservices", "{CC9BDA27-50FE-45A7-9D86-4BF061E95CC2}"
EndProject
Project("{2150E333-8FDC-42A3-9474-1A3956D46DE8}") = "Domain", "Domain", "{9D8955BE-0174-4C21-A0F3-308F5F303039}"
EndProject
Project("{2150E333-8FDC-42A3-9474-1A3956D46DE8}") = "Infra.Bus", "Infra.Bus", "{9254B283-0728-42AE-9B42-AF5DDCFE6870}"
EndProject
Project("{2150E333-8FDC-42A3-9474-1A3956D46DE8}") = "Infra.IoC", "Infra.IoC", "{8C856BDF-6818-485A-A179-610F4F39FF86}"
EndProject
Project("{2150E333-8FDC-42A3-9474-1A3956D46DE8}") = "Presentation", "Presentation", "{503CFE1A-AC88-472E-9E80-D9ED4F6C590D}"
EndProject
Project("{FAE04EC0-301F-11D3-BF4B-00C04F79EFBC}") = "MicroRabbit.Domain.Core", "MicroRabbit.Domain.Core\MicroRabbit.Domain.Core.csproj", "{00891C4D-AFBB-4156-A6BD-3BDF4E484E36}"
EndProject
Project("{FAE04EC0-301F-11D3-BF4B-00C04F79EFBC}") = "MicroRabbit.Infra.Bus", "MicroRabbit.Infra.Bus\MicroRabbit.Infra.Bus.csproj", "{511C084E-FB62-40B2-9BE2-34CF9FC4DAA7}"
EndProject
Project("{FAE04EC0-301F-11D3-BF4B-00C04F79EFBC}") = "MicroRabbit.Infra.IoC", "MicroRabbit.Infra.IoC\MicroRabbit.Infra.IoC.csproj", "{EA528BF9-0B4A-40CB-BDC4-4FCD1398E834}"
EndProject
Project("{2150E333-8FDC-42A3-9474-1A3956D46DE8}") = "Banking", "Banking", "{A4851637-3434-487C-A780-EC2A22C54C91}"
EndProject
Project("{2150E333-8FDC-42A3-9474-1A3956D46DE8}") = "Api", "Api", "{CB9A924C-1E39-4127-9E81-DA2F7F48E700}"
EndProject
Project("{2150E333-8FDC-42A3-9474-1A3956D46DE8}") = "Domain", "Domain", "{FFA5A8F3-F362-497B-B23A-F312B06AD071}"
EndProject
Project("{2150E333-8FDC-42A3-9474-1A3956D46DE8}") = "Application", "Application", "{7188BD89-1E3D-4EE5-809A-82B48EC095CD}"
EndProject
Project("{2150E333-8FDC-42A3-9474-1A3956D46DE8}") = "Data", "Data", "{D0C2FF2E-5FAE-42B6-8C2A-CB5FD3F169D0}"
EndProject
Project("{FAE04EC0-301F-11D3-BF4B-00C04F79EFBC}") = "MicroRabbit.Banking.Api", "MicroRabbit.Banking.Api\MicroRabbit.Banking.Api.csproj", "{ADE05B94-EE4F-40B0-A0C6-55942A5B8CC9}"
EndProject
Project("{FAE04EC0-301F-11D3-BF4B-00C04F79EFBC}") = "MicroRabbit.Banking.Application", "MicroRabbit.Banking.Application\MicroRabbit.Banking.Application.csproj", "{48438E2B-9664-4157-862E-6EB39CE52C52}"
EndProject
Project("{FAE04EC0-301F-11D3-BF4B-00C04F79EFBC}") = "MicroRabbit.Banking.Data", "MicroRabbit.Banking.Data\MicroRabbit.Banking.Data.csproj", "{E3B9224C-79D9-48E6-9325-A96E2EB6CE2A}"
EndProject
Project("{FAE04EC0-301F-11D3-BF4B-00C04F79EFBC}") = "MicroRabbit.Banking.Domain", "MicroRabbit.Banking.Domain\MicroRabbit.Banking.Domain.csproj", "{C2BCD629-4E12-4AF4-822B-57F18850F9E4}"
EndProject
Global
	GlobalSection(SolutionConfigurationPlatforms) = preSolution
		Debug|Any CPU = Debug|Any CPU
		Release|Any CPU = Release|Any CPU
	EndGlobalSection
	GlobalSection(ProjectConfigurationPlatforms) = postSolution
		{00891C4D-AFBB-4156-A6BD-3BDF4E484E36}.Debug|Any CPU.ActiveCfg = Debug|Any CPU
		{00891C4D-AFBB-4156-A6BD-3BDF4E484E36}.Debug|Any CPU.Build.0 = Debug|Any CPU
		{00891C4D-AFBB-4156-A6BD-3BDF4E484E36}.Release|Any CPU.ActiveCfg = Release|Any CPU
		{00891C4D-AFBB-4156-A6BD-3BDF4E484E36}.Release|Any CPU.Build.0 = Release|Any CPU
		{511C084E-FB62-40B2-9BE2-34CF9FC4DAA7}.Debug|Any CPU.ActiveCfg = Debug|Any CPU
		{511C084E-FB62-40B2-9BE2-34CF9FC4DAA7}.Debug|Any CPU.Build.0 = Debug|Any CPU
		{511C084E-FB62-40B2-9BE2-34CF9FC4DAA7}.Release|Any CPU.ActiveCfg = Release|Any CPU
		{511C084E-FB62-40B2-9BE2-34CF9FC4DAA7}.Release|Any CPU.Build.0 = Release|Any CPU
		{EA528BF9-0B4A-40CB-BDC4-4FCD1398E834}.Debug|Any CPU.ActiveCfg = Debug|Any CPU
		{EA528BF9-0B4A-40CB-BDC4-4FCD1398E834}.Debug|Any CPU.Build.0 = Debug|Any CPU
		{EA528BF9-0B4A-40CB-BDC4-4FCD1398E834}.Release|Any CPU.ActiveCfg = Release|Any CPU
		{EA528BF9-0B4A-40CB-BDC4-4FCD1398E834}.Release|Any CPU.Build.0 = Release|Any CPU
		{ADE05B94-EE4F-40B0-A0C6-55942A5B8CC9}.Debug|Any CPU.ActiveCfg = Debug|Any CPU
		{ADE05B94-EE4F-40B0-A0C6-55942A5B8CC9}.Debug|Any CPU.Build.0 = Debug|Any CPU
		{ADE05B94-EE4F-40B0-A0C6-55942A5B8CC9}.Release|Any CPU.ActiveCfg = Release|Any CPU
		{ADE05B94-EE4F-40B0-A0C6-55942A5B8CC9}.Release|Any CPU.Build.0 = Release|Any CPU
		{48438E2B-9664-4157-862E-6EB39CE52C52}.Debug|Any CPU.ActiveCfg = Debug|Any CPU
		{48438E2B-9664-4157-862E-6EB39CE52C52}.Debug|Any CPU.Build.0 = Debug|Any CPU
		{48438E2B-9664-4157-862E-6EB39CE52C52}.Release|Any CPU.ActiveCfg = Release|Any CPU
		{48438E2B-9664-4157-862E-6EB39CE52C52}.Release|Any CPU.Build.0 = Release|Any CPU
		{E3B9224C-79D9-48E6-9325-A96E2EB6CE2A}.Debug|Any CPU.ActiveCfg = Debug|Any CPU
		{E3B9224C-79D9-48E6-9325-A96E2EB6CE2A}.Debug|Any CPU.Build.0 = Debug|Any CPU
		{E3B9224C-79D9-48E6-9325-A96E2EB6CE2A}.Release|Any CPU.ActiveCfg = Release|Any CPU
		{E3B9224C-79D9-48E6-9325-A96E2EB6CE2A}.Release|Any CPU.Build.0 = Release|Any CPU
		{C2BCD629-4E12-4AF4-822B-57F18850F9E4}.Debug|Any CPU.ActiveCfg = Debug|Any CPU
		{C2BCD629-4E12-4AF4-822B-57F18850F9E4}.Debug|Any CPU.Build.0 = Debug|Any CPU
		{C2BCD629-4E12-4AF4-822B-57F18850F9E4}.Release|Any CPU.ActiveCfg = Release|Any CPU
		{C2BCD629-4E12-4AF4-822B-57F18850F9E4}.Release|Any CPU.Build.0 = Release|Any CPU
	EndGlobalSection
	GlobalSection(SolutionProperties) = preSolution
		HideSolutionNode = FALSE
	EndGlobalSection
	GlobalSection(NestedProjects) = preSolution
		{00891C4D-AFBB-4156-A6BD-3BDF4E484E36} = {9D8955BE-0174-4C21-A0F3-308F5F303039}
		{511C084E-FB62-40B2-9BE2-34CF9FC4DAA7} = {9254B283-0728-42AE-9B42-AF5DDCFE6870}
		{EA528BF9-0B4A-40CB-BDC4-4FCD1398E834} = {8C856BDF-6818-485A-A179-610F4F39FF86}
		{A4851637-3434-487C-A780-EC2A22C54C91} = {CC9BDA27-50FE-45A7-9D86-4BF061E95CC2}
		{CB9A924C-1E39-4127-9E81-DA2F7F48E700} = {A4851637-3434-487C-A780-EC2A22C54C91}
		{FFA5A8F3-F362-497B-B23A-F312B06AD071} = {A4851637-3434-487C-A780-EC2A22C54C91}
		{7188BD89-1E3D-4EE5-809A-82B48EC095CD} = {A4851637-3434-487C-A780-EC2A22C54C91}
		{D0C2FF2E-5FAE-42B6-8C2A-CB5FD3F169D0} = {A4851637-3434-487C-A780-EC2A22C54C91}
		{ADE05B94-EE4F-40B0-A0C6-55942A5B8CC9} = {CB9A924C-1E39-4127-9E81-DA2F7F48E700}
		{48438E2B-9664-4157-862E-6EB39CE52C52} = {7188BD89-1E3D-4EE5-809A-82B48EC095CD}
		{E3B9224C-79D9-48E6-9325-A96E2EB6CE2A} = {D0C2FF2E-5FAE-42B6-8C2A-CB5FD3F169D0}
		{C2BCD629-4E12-4AF4-822B-57F18850F9E4} = {FFA5A8F3-F362-497B-B23A-F312B06AD071}
	EndGlobalSection
	GlobalSection(ExtensibilityGlobals) = postSolution
		SolutionGuid = {1CFFC897-7ED0-4830-8D64-A7711125274B}
	EndGlobalSection
EndGlobal
